
Microsoft Visual Studio Solution File, Format Version 12.00
# Visual Studio 15
VisualStudioVersion = 15.0.26124.0
MinimumVisualStudioVersion = 15.0.26124.0
Project("{2150E333-8FDC-42A3-9474-1A3956D46DE8}") = "src", "src", "{F02639E9-F67B-4817-A3FF-5F2955229726}"
EndProject
Project("{FAE04EC0-301F-11D3-BF4B-00C04F79EFBC}") = "Serverino.Watch", "src\Serverino.Watch\Serverino.Watch.csproj", "{01DBA4CE-82FB-4C9D-89CA-B4F93CC3F9C1}"
EndProject
Project("{FAE04EC0-301F-11D3-BF4B-00C04F79EFBC}") = "SampleApp", "src\SampleApp\SampleApp.csproj", "{6B22A59C-6AC5-434C-B727-D796C4C993E3}"
EndProject
Project("{2150E333-8FDC-42A3-9474-1A3956D46DE8}") = "test", "test", "{9666ADF3-044C-438C-9318-160A84F442C0}"
EndProject
Project("{FAE04EC0-301F-11D3-BF4B-00C04F79EFBC}") = "Serverino.Watch.Tests", "test\Serverino.Watch.Tests\Serverino.Watch.Tests.csproj", "{B0C1728C-268D-48F1-962B-7DE6CECAF252}"
EndProject
Project("{2150E333-8FDC-42A3-9474-1A3956D46DE8}") = "etc", "etc", "{B9FA03AF-13A4-4C0B-8A7C-F66F82DC7360}"
	ProjectSection(SolutionItems) = preProject
		README.md = README.md
		_config.yml = _config.yml
		.gitignore = .gitignore
		.github\workflows\build-dotnet-core.yml = .github\workflows\build-dotnet-core.yml
	EndProjectSection
EndProject
Project("{FAE04EC0-301F-11D3-BF4B-00C04F79EFBC}") = "PortAreaApp", "src\PortAreaApp\PortAreaApp.csproj", "{B536EA52-348A-4780-9A18-5AD22D70CAD1}"
EndProject
Project("{2150E333-8FDC-42A3-9474-1A3956D46DE8}") = "Presentation", "Presentation", "{289490BF-7025-4FA4-B01D-AF726832F1E2}"
EndProject
Project("{2150E333-8FDC-42A3-9474-1A3956D46DE8}") = "Infrastructure", "Infrastructure", "{41F551C0-2B1A-4442-BEE3-5C014FBB2017}"
EndProject
Project("{2150E333-8FDC-42A3-9474-1A3956D46DE8}") = "Application", "Application", "{3E1E351F-6126-429C-8250-B129DB17E0AA}"
EndProject
Project("{2150E333-8FDC-42A3-9474-1A3956D46DE8}") = "Domain", "Domain", "{4806F0BD-AE43-43E0-9734-849E25BEA5B6}"
EndProject
Global
	GlobalSection(SolutionConfigurationPlatforms) = preSolution
		Debug|Any CPU = Debug|Any CPU
		Debug|x64 = Debug|x64
		Debug|x86 = Debug|x86
		Release|Any CPU = Release|Any CPU
		Release|x64 = Release|x64
		Release|x86 = Release|x86
	EndGlobalSection
	GlobalSection(SolutionProperties) = preSolution
		HideSolutionNode = FALSE
	EndGlobalSection
	GlobalSection(ProjectConfigurationPlatforms) = postSolution
		{01DBA4CE-82FB-4C9D-89CA-B4F93CC3F9C1}.Debug|Any CPU.ActiveCfg = Debug|Any CPU
		{01DBA4CE-82FB-4C9D-89CA-B4F93CC3F9C1}.Debug|Any CPU.Build.0 = Debug|Any CPU
		{01DBA4CE-82FB-4C9D-89CA-B4F93CC3F9C1}.Debug|x64.ActiveCfg = Debug|Any CPU
		{01DBA4CE-82FB-4C9D-89CA-B4F93CC3F9C1}.Debug|x64.Build.0 = Debug|Any CPU
		{01DBA4CE-82FB-4C9D-89CA-B4F93CC3F9C1}.Debug|x86.ActiveCfg = Debug|Any CPU
		{01DBA4CE-82FB-4C9D-89CA-B4F93CC3F9C1}.Debug|x86.Build.0 = Debug|Any CPU
		{01DBA4CE-82FB-4C9D-89CA-B4F93CC3F9C1}.Release|Any CPU.ActiveCfg = Release|Any CPU
		{01DBA4CE-82FB-4C9D-89CA-B4F93CC3F9C1}.Release|Any CPU.Build.0 = Release|Any CPU
		{01DBA4CE-82FB-4C9D-89CA-B4F93CC3F9C1}.Release|x64.ActiveCfg = Release|Any CPU
		{01DBA4CE-82FB-4C9D-89CA-B4F93CC3F9C1}.Release|x64.Build.0 = Release|Any CPU
		{01DBA4CE-82FB-4C9D-89CA-B4F93CC3F9C1}.Release|x86.ActiveCfg = Release|Any CPU
		{01DBA4CE-82FB-4C9D-89CA-B4F93CC3F9C1}.Release|x86.Build.0 = Release|Any CPU
		{6B22A59C-6AC5-434C-B727-D796C4C993E3}.Debug|Any CPU.ActiveCfg = Debug|Any CPU
		{6B22A59C-6AC5-434C-B727-D796C4C993E3}.Debug|Any CPU.Build.0 = Debug|Any CPU
		{6B22A59C-6AC5-434C-B727-D796C4C993E3}.Debug|x64.ActiveCfg = Debug|Any CPU
		{6B22A59C-6AC5-434C-B727-D796C4C993E3}.Debug|x64.Build.0 = Debug|Any CPU
		{6B22A59C-6AC5-434C-B727-D796C4C993E3}.Debug|x86.ActiveCfg = Debug|Any CPU
		{6B22A59C-6AC5-434C-B727-D796C4C993E3}.Debug|x86.Build.0 = Debug|Any CPU
		{6B22A59C-6AC5-434C-B727-D796C4C993E3}.Release|Any CPU.ActiveCfg = Release|Any CPU
		{6B22A59C-6AC5-434C-B727-D796C4C993E3}.Release|Any CPU.Build.0 = Release|Any CPU
		{6B22A59C-6AC5-434C-B727-D796C4C993E3}.Release|x64.ActiveCfg = Release|Any CPU
		{6B22A59C-6AC5-434C-B727-D796C4C993E3}.Release|x64.Build.0 = Release|Any CPU
		{6B22A59C-6AC5-434C-B727-D796C4C993E3}.Release|x86.ActiveCfg = Release|Any CPU
		{6B22A59C-6AC5-434C-B727-D796C4C993E3}.Release|x86.Build.0 = Release|Any CPU
		{B0C1728C-268D-48F1-962B-7DE6CECAF252}.Debug|Any CPU.ActiveCfg = Debug|Any CPU
		{B0C1728C-268D-48F1-962B-7DE6CECAF252}.Debug|Any CPU.Build.0 = Debug|Any CPU
		{B0C1728C-268D-48F1-962B-7DE6CECAF252}.Debug|x64.ActiveCfg = Debug|Any CPU
		{B0C1728C-268D-48F1-962B-7DE6CECAF252}.Debug|x64.Build.0 = Debug|Any CPU
		{B0C1728C-268D-48F1-962B-7DE6CECAF252}.Debug|x86.ActiveCfg = Debug|Any CPU
		{B0C1728C-268D-48F1-962B-7DE6CECAF252}.Debug|x86.Build.0 = Debug|Any CPU
		{B0C1728C-268D-48F1-962B-7DE6CECAF252}.Release|Any CPU.ActiveCfg = Release|Any CPU
		{B0C1728C-268D-48F1-962B-7DE6CECAF252}.Release|Any CPU.Build.0 = Release|Any CPU
		{B0C1728C-268D-48F1-962B-7DE6CECAF252}.Release|x64.ActiveCfg = Release|Any CPU
		{B0C1728C-268D-48F1-962B-7DE6CECAF252}.Release|x64.Build.0 = Release|Any CPU
		{B0C1728C-268D-48F1-962B-7DE6CECAF252}.Release|x86.ActiveCfg = Release|Any CPU
		{B0C1728C-268D-48F1-962B-7DE6CECAF252}.Release|x86.Build.0 = Release|Any CPU
		{B536EA52-348A-4780-9A18-5AD22D70CAD1}.Debug|Any CPU.ActiveCfg = Debug|Any CPU
		{B536EA52-348A-4780-9A18-5AD22D70CAD1}.Debug|Any CPU.Build.0 = Debug|Any CPU
		{B536EA52-348A-4780-9A18-5AD22D70CAD1}.Debug|x64.ActiveCfg = Debug|Any CPU
		{B536EA52-348A-4780-9A18-5AD22D70CAD1}.Debug|x64.Build.0 = Debug|Any CPU
		{B536EA52-348A-4780-9A18-5AD22D70CAD1}.Debug|x86.ActiveCfg = Debug|Any CPU
		{B536EA52-348A-4780-9A18-5AD22D70CAD1}.Debug|x86.Build.0 = Debug|Any CPU
		{B536EA52-348A-4780-9A18-5AD22D70CAD1}.Release|Any CPU.ActiveCfg = Release|Any CPU
		{B536EA52-348A-4780-9A18-5AD22D70CAD1}.Release|Any CPU.Build.0 = Release|Any CPU
		{B536EA52-348A-4780-9A18-5AD22D70CAD1}.Release|x64.ActiveCfg = Release|Any CPU
		{B536EA52-348A-4780-9A18-5AD22D70CAD1}.Release|x64.Build.0 = Release|Any CPU
		{B536EA52-348A-4780-9A18-5AD22D70CAD1}.Release|x86.ActiveCfg = Release|Any CPU
		{B536EA52-348A-4780-9A18-5AD22D70CAD1}.Release|x86.Build.0 = Release|Any CPU
	EndGlobalSection
	GlobalSection(NestedProjects) = preSolution
		{B0C1728C-268D-48F1-962B-7DE6CECAF252} = {9666ADF3-044C-438C-9318-160A84F442C0}
		{289490BF-7025-4FA4-B01D-AF726832F1E2} = {F02639E9-F67B-4817-A3FF-5F2955229726}
		{B536EA52-348A-4780-9A18-5AD22D70CAD1} = {289490BF-7025-4FA4-B01D-AF726832F1E2}
		{6B22A59C-6AC5-434C-B727-D796C4C993E3} = {289490BF-7025-4FA4-B01D-AF726832F1E2}
		{01DBA4CE-82FB-4C9D-89CA-B4F93CC3F9C1} = {289490BF-7025-4FA4-B01D-AF726832F1E2}
		{41F551C0-2B1A-4442-BEE3-5C014FBB2017} = {F02639E9-F67B-4817-A3FF-5F2955229726}
		{3E1E351F-6126-429C-8250-B129DB17E0AA} = {F02639E9-F67B-4817-A3FF-5F2955229726}
		{4806F0BD-AE43-43E0-9734-849E25BEA5B6} = {F02639E9-F67B-4817-A3FF-5F2955229726}
	EndGlobalSection
EndGlobal
