
Microsoft Visual Studio Solution File, Format Version 12.00
# Visual Studio 15
VisualStudioVersion = 15.0.26124.0
MinimumVisualStudioVersion = 15.0.26124.0
Project("{2150E333-8FDC-42A3-9474-1A3956D46DE8}") = "src", "src", "{E67DEDD0-EED5-4B4F-854D-F6809A236E32}"
EndProject
Project("{FAE04EC0-301F-11D3-BF4B-00C04F79EFBC}") = "PortArea", "src\PortArea\PortArea.csproj", "{B7964BE9-5AC4-4122-B7DD-E41D771E971B}"
EndProject
Project("{FAE04EC0-301F-11D3-BF4B-00C04F79EFBC}") = "SampleApp", "src\SampleApp\SampleApp.csproj", "{CC742FC7-D44A-449F-AFD7-250D7BA57607}"
EndProject
Project("{FAE04EC0-301F-11D3-BF4B-00C04F79EFBC}") = "Serverino.Watch", "src\Serverino.Watch\Serverino.Watch.csproj", "{8B1058AC-51AC-41C1-98B4-7F1B16361D15}"
EndProject
Project("{FAE04EC0-301F-11D3-BF4B-00C04F79EFBC}") = "PortArea.Dist", "src\PortArea.Dist\PortArea.Dist.csproj", "{F8283752-6BFF-4496-BAE7-5C3C376B2F42}"
EndProject
Global
	GlobalSection(SolutionConfigurationPlatforms) = preSolution
		Debug|Any CPU = Debug|Any CPU
		Debug|x64 = Debug|x64
		Debug|x86 = Debug|x86
		Release|Any CPU = Release|Any CPU
		Release|x64 = Release|x64
		Release|x86 = Release|x86
	EndGlobalSection
	GlobalSection(SolutionProperties) = preSolution
		HideSolutionNode = FALSE
	EndGlobalSection
	GlobalSection(ProjectConfigurationPlatforms) = postSolution
		{B7964BE9-5AC4-4122-B7DD-E41D771E971B}.Debug|Any CPU.ActiveCfg = Debug|Any CPU
		{B7964BE9-5AC4-4122-B7DD-E41D771E971B}.Debug|Any CPU.Build.0 = Debug|Any CPU
		{B7964BE9-5AC4-4122-B7DD-E41D771E971B}.Debug|x64.ActiveCfg = Debug|Any CPU
		{B7964BE9-5AC4-4122-B7DD-E41D771E971B}.Debug|x64.Build.0 = Debug|Any CPU
		{B7964BE9-5AC4-4122-B7DD-E41D771E971B}.Debug|x86.ActiveCfg = Debug|Any CPU
		{B7964BE9-5AC4-4122-B7DD-E41D771E971B}.Debug|x86.Build.0 = Debug|Any CPU
		{B7964BE9-5AC4-4122-B7DD-E41D771E971B}.Release|Any CPU.ActiveCfg = Release|Any CPU
		{B7964BE9-5AC4-4122-B7DD-E41D771E971B}.Release|Any CPU.Build.0 = Release|Any CPU
		{B7964BE9-5AC4-4122-B7DD-E41D771E971B}.Release|x64.ActiveCfg = Release|Any CPU
		{B7964BE9-5AC4-4122-B7DD-E41D771E971B}.Release|x64.Build.0 = Release|Any CPU
		{B7964BE9-5AC4-4122-B7DD-E41D771E971B}.Release|x86.ActiveCfg = Release|Any CPU
		{B7964BE9-5AC4-4122-B7DD-E41D771E971B}.Release|x86.Build.0 = Release|Any CPU
		{CC742FC7-D44A-449F-AFD7-250D7BA57607}.Debug|Any CPU.ActiveCfg = Debug|Any CPU
		{CC742FC7-D44A-449F-AFD7-250D7BA57607}.Debug|Any CPU.Build.0 = Debug|Any CPU
		{CC742FC7-D44A-449F-AFD7-250D7BA57607}.Debug|x64.ActiveCfg = Debug|Any CPU
		{CC742FC7-D44A-449F-AFD7-250D7BA57607}.Debug|x64.Build.0 = Debug|Any CPU
		{CC742FC7-D44A-449F-AFD7-250D7BA57607}.Debug|x86.ActiveCfg = Debug|Any CPU
		{CC742FC7-D44A-449F-AFD7-250D7BA57607}.Debug|x86.Build.0 = Debug|Any CPU
		{CC742FC7-D44A-449F-AFD7-250D7BA57607}.Release|Any CPU.ActiveCfg = Release|Any CPU
		{CC742FC7-D44A-449F-AFD7-250D7BA57607}.Release|Any CPU.Build.0 = Release|Any CPU
		{CC742FC7-D44A-449F-AFD7-250D7BA57607}.Release|x64.ActiveCfg = Release|Any CPU
		{CC742FC7-D44A-449F-AFD7-250D7BA57607}.Release|x64.Build.0 = Release|Any CPU
		{CC742FC7-D44A-449F-AFD7-250D7BA57607}.Release|x86.ActiveCfg = Release|Any CPU
		{CC742FC7-D44A-449F-AFD7-250D7BA57607}.Release|x86.Build.0 = Release|Any CPU
		{8B1058AC-51AC-41C1-98B4-7F1B16361D15}.Debug|Any CPU.ActiveCfg = Debug|Any CPU
		{8B1058AC-51AC-41C1-98B4-7F1B16361D15}.Debug|Any CPU.Build.0 = Debug|Any CPU
		{8B1058AC-51AC-41C1-98B4-7F1B16361D15}.Debug|x64.ActiveCfg = Debug|Any CPU
		{8B1058AC-51AC-41C1-98B4-7F1B16361D15}.Debug|x64.Build.0 = Debug|Any CPU
		{8B1058AC-51AC-41C1-98B4-7F1B16361D15}.Debug|x86.ActiveCfg = Debug|Any CPU
		{8B1058AC-51AC-41C1-98B4-7F1B16361D15}.Debug|x86.Build.0 = Debug|Any CPU
		{8B1058AC-51AC-41C1-98B4-7F1B16361D15}.Release|Any CPU.ActiveCfg = Release|Any CPU
		{8B1058AC-51AC-41C1-98B4-7F1B16361D15}.Release|Any CPU.Build.0 = Release|Any CPU
		{8B1058AC-51AC-41C1-98B4-7F1B16361D15}.Release|x64.ActiveCfg = Release|Any CPU
		{8B1058AC-51AC-41C1-98B4-7F1B16361D15}.Release|x64.Build.0 = Release|Any CPU
		{8B1058AC-51AC-41C1-98B4-7F1B16361D15}.Release|x86.ActiveCfg = Release|Any CPU
		{8B1058AC-51AC-41C1-98B4-7F1B16361D15}.Release|x86.Build.0 = Release|Any CPU
		{F8283752-6BFF-4496-BAE7-5C3C376B2F42}.Debug|Any CPU.ActiveCfg = Debug|Any CPU
		{F8283752-6BFF-4496-BAE7-5C3C376B2F42}.Debug|Any CPU.Build.0 = Debug|Any CPU
		{F8283752-6BFF-4496-BAE7-5C3C376B2F42}.Debug|x64.ActiveCfg = Debug|Any CPU
		{F8283752-6BFF-4496-BAE7-5C3C376B2F42}.Debug|x64.Build.0 = Debug|Any CPU
		{F8283752-6BFF-4496-BAE7-5C3C376B2F42}.Debug|x86.ActiveCfg = Debug|Any CPU
		{F8283752-6BFF-4496-BAE7-5C3C376B2F42}.Debug|x86.Build.0 = Debug|Any CPU
		{F8283752-6BFF-4496-BAE7-5C3C376B2F42}.Release|Any CPU.ActiveCfg = Release|Any CPU
		{F8283752-6BFF-4496-BAE7-5C3C376B2F42}.Release|Any CPU.Build.0 = Release|Any CPU
		{F8283752-6BFF-4496-BAE7-5C3C376B2F42}.Release|x64.ActiveCfg = Release|Any CPU
		{F8283752-6BFF-4496-BAE7-5C3C376B2F42}.Release|x64.Build.0 = Release|Any CPU
		{F8283752-6BFF-4496-BAE7-5C3C376B2F42}.Release|x86.ActiveCfg = Release|Any CPU
		{F8283752-6BFF-4496-BAE7-5C3C376B2F42}.Release|x86.Build.0 = Release|Any CPU
	EndGlobalSection
	GlobalSection(NestedProjects) = preSolution
		{B7964BE9-5AC4-4122-B7DD-E41D771E971B} = {E67DEDD0-EED5-4B4F-854D-F6809A236E32}
		{CC742FC7-D44A-449F-AFD7-250D7BA57607} = {E67DEDD0-EED5-4B4F-854D-F6809A236E32}
		{8B1058AC-51AC-41C1-98B4-7F1B16361D15} = {E67DEDD0-EED5-4B4F-854D-F6809A236E32}
		{F8283752-6BFF-4496-BAE7-5C3C376B2F42} = {E67DEDD0-EED5-4B4F-854D-F6809A236E32}
	EndGlobalSection
EndGlobal
